
Microsoft Visual Studio Solution File, Format Version 12.00
# Visual Studio Version 16
VisualStudioVersion = 16.0.810.0
MinimumVisualStudioVersion = 10.0.40219.1
Project("{FAE04EC0-301F-11D3-BF4B-00C04F79EFBC}") = "HumanDetection.Android", "HumanDetection.Android\HumanDetection.Android.csproj", "{AF62754F-7C3F-4321-BBE8-760E5DA93F2E}"
EndProject
Project("{FAE04EC0-301F-11D3-BF4B-00C04F79EFBC}") = "HumanDetection.iOS", "HumanDetection.iOS\HumanDetection.iOS.csproj", "{CBC11604-B674-47D7-845E-272B95C805EB}"
EndProject
Project("{FAE04EC0-301F-11D3-BF4B-00C04F79EFBC}") = "HumanDetection", "HumanDetection\HumanDetection.csproj", "{2CDD628A-CAEA-4F5B-8E9E-D39BBD0EE5CB}"
EndProject
Global
	GlobalSection(SolutionConfigurationPlatforms) = preSolution
		Debug|Any CPU = Debug|Any CPU
		Release|Any CPU = Release|Any CPU
		Debug|iPhoneSimulator = Debug|iPhoneSimulator
		Release|iPhoneSimulator = Release|iPhoneSimulator
		Debug|iPhone = Debug|iPhone
		Release|iPhone = Release|iPhone
	EndGlobalSection
	GlobalSection(ProjectConfigurationPlatforms) = postSolution
		{AF62754F-7C3F-4321-BBE8-760E5DA93F2E}.Debug|Any CPU.ActiveCfg = Debug|Any CPU
		{AF62754F-7C3F-4321-BBE8-760E5DA93F2E}.Debug|Any CPU.Build.0 = Debug|Any CPU
		{AF62754F-7C3F-4321-BBE8-760E5DA93F2E}.Release|Any CPU.ActiveCfg = Release|Any CPU
		{AF62754F-7C3F-4321-BBE8-760E5DA93F2E}.Release|Any CPU.Build.0 = Release|Any CPU
		{AF62754F-7C3F-4321-BBE8-760E5DA93F2E}.Debug|iPhoneSimulator.ActiveCfg = Debug|Any CPU
		{AF62754F-7C3F-4321-BBE8-760E5DA93F2E}.Debug|iPhoneSimulator.Build.0 = Debug|Any CPU
		{AF62754F-7C3F-4321-BBE8-760E5DA93F2E}.Release|iPhoneSimulator.ActiveCfg = Release|Any CPU
		{AF62754F-7C3F-4321-BBE8-760E5DA93F2E}.Release|iPhoneSimulator.Build.0 = Release|Any CPU
		{AF62754F-7C3F-4321-BBE8-760E5DA93F2E}.Debug|iPhone.ActiveCfg = Debug|Any CPU
		{AF62754F-7C3F-4321-BBE8-760E5DA93F2E}.Debug|iPhone.Build.0 = Debug|Any CPU
		{AF62754F-7C3F-4321-BBE8-760E5DA93F2E}.Release|iPhone.ActiveCfg = Release|Any CPU
		{AF62754F-7C3F-4321-BBE8-760E5DA93F2E}.Release|iPhone.Build.0 = Release|Any CPU
		{CBC11604-B674-47D7-845E-272B95C805EB}.Debug|Any CPU.ActiveCfg = Debug|iPhoneSimulator
		{CBC11604-B674-47D7-845E-272B95C805EB}.Debug|Any CPU.Build.0 = Debug|iPhoneSimulator
		{CBC11604-B674-47D7-845E-272B95C805EB}.Release|Any CPU.ActiveCfg = Release|iPhoneSimulator
		{CBC11604-B674-47D7-845E-272B95C805EB}.Release|Any CPU.Build.0 = Release|iPhoneSimulator
		{CBC11604-B674-47D7-845E-272B95C805EB}.Debug|iPhoneSimulator.ActiveCfg = Debug|iPhoneSimulator
		{CBC11604-B674-47D7-845E-272B95C805EB}.Debug|iPhoneSimulator.Build.0 = Debug|iPhoneSimulator
		{CBC11604-B674-47D7-845E-272B95C805EB}.Release|iPhoneSimulator.ActiveCfg = Release|iPhoneSimulator
		{CBC11604-B674-47D7-845E-272B95C805EB}.Release|iPhoneSimulator.Build.0 = Release|iPhoneSimulator
		{CBC11604-B674-47D7-845E-272B95C805EB}.Debug|iPhone.ActiveCfg = Debug|iPhone
		{CBC11604-B674-47D7-845E-272B95C805EB}.Debug|iPhone.Build.0 = Debug|iPhone
		{CBC11604-B674-47D7-845E-272B95C805EB}.Release|iPhone.ActiveCfg = Release|iPhone
		{CBC11604-B674-47D7-845E-272B95C805EB}.Release|iPhone.Build.0 = Release|iPhone
		{2CDD628A-CAEA-4F5B-8E9E-D39BBD0EE5CB}.Debug|Any CPU.ActiveCfg = Debug|Any CPU
		{2CDD628A-CAEA-4F5B-8E9E-D39BBD0EE5CB}.Debug|Any CPU.Build.0 = Debug|Any CPU
		{2CDD628A-CAEA-4F5B-8E9E-D39BBD0EE5CB}.Release|Any CPU.ActiveCfg = Release|Any CPU
		{2CDD628A-CAEA-4F5B-8E9E-D39BBD0EE5CB}.Release|Any CPU.Build.0 = Release|Any CPU
		{2CDD628A-CAEA-4F5B-8E9E-D39BBD0EE5CB}.Debug|iPhoneSimulator.ActiveCfg = Debug|Any CPU
		{2CDD628A-CAEA-4F5B-8E9E-D39BBD0EE5CB}.Debug|iPhoneSimulator.Build.0 = Debug|Any CPU
		{2CDD628A-CAEA-4F5B-8E9E-D39BBD0EE5CB}.Release|iPhoneSimulator.ActiveCfg = Release|Any CPU
		{2CDD628A-CAEA-4F5B-8E9E-D39BBD0EE5CB}.Release|iPhoneSimulator.Build.0 = Release|Any CPU
		{2CDD628A-CAEA-4F5B-8E9E-D39BBD0EE5CB}.Debug|iPhone.ActiveCfg = Debug|Any CPU
		{2CDD628A-CAEA-4F5B-8E9E-D39BBD0EE5CB}.Debug|iPhone.Build.0 = Debug|Any CPU
		{2CDD628A-CAEA-4F5B-8E9E-D39BBD0EE5CB}.Release|iPhone.ActiveCfg = Release|Any CPU
		{2CDD628A-CAEA-4F5B-8E9E-D39BBD0EE5CB}.Release|iPhone.Build.0 = Release|Any CPU
	EndGlobalSection
	GlobalSection(SolutionProperties) = preSolution
		HideSolutionNode = FALSE
	EndGlobalSection
	GlobalSection(ExtensibilityGlobals) = postSolution
		SolutionGuid = {5281D901-B721-41D0-96F7-3F64E01027E4}
	EndGlobalSection
EndGlobal
